
Microsoft Visual Studio Solution File, Format Version 12.00
# Visual Studio Version 17
VisualStudioVersion = 17.0.31919.166
MinimumVisualStudioVersion = 10.0.40219.1
Project("{9A19103F-16F7-4668-BE54-9A1E7A4F7556}") = "AoC2021", "AoC2021\AoC2021.csproj", "{B9FB2D6D-7E34-4190-A8A0-37479468E9BC}"
EndProject
Project("{2150E333-8FDC-42A3-9474-1A3956D46DE8}") = "Solution Items", "Solution Items", "{2B8C6DFA-FF0B-4F4D-B29E-041312868FAA}"
	ProjectSection(SolutionItems) = preProject
		README.md = README.md
	EndProjectSection
EndProject
Project("{9A19103F-16F7-4668-BE54-9A1E7A4F7556}") = "AoCBase", "AoCBase\AoCBase.csproj", "{40D83F46-457C-498A-A89D-C1C29741A019}"
EndProject
Project("{9A19103F-16F7-4668-BE54-9A1E7A4F7556}") = "AoCBase.Tests", "AoCBase.Tests\AoCBase.Tests.csproj", "{9CAF9051-0995-4491-AE3C-F92D9F27AEBD}"
EndProject
Global
	GlobalSection(SolutionConfigurationPlatforms) = preSolution
		Debug|Any CPU = Debug|Any CPU
		Release|Any CPU = Release|Any CPU
	EndGlobalSection
	GlobalSection(ProjectConfigurationPlatforms) = postSolution
		{B9FB2D6D-7E34-4190-A8A0-37479468E9BC}.Debug|Any CPU.ActiveCfg = Debug|Any CPU
		{B9FB2D6D-7E34-4190-A8A0-37479468E9BC}.Debug|Any CPU.Build.0 = Debug|Any CPU
		{B9FB2D6D-7E34-4190-A8A0-37479468E9BC}.Release|Any CPU.ActiveCfg = Release|Any CPU
		{B9FB2D6D-7E34-4190-A8A0-37479468E9BC}.Release|Any CPU.Build.0 = Release|Any CPU
		{40D83F46-457C-498A-A89D-C1C29741A019}.Debug|Any CPU.ActiveCfg = Debug|Any CPU
		{40D83F46-457C-498A-A89D-C1C29741A019}.Debug|Any CPU.Build.0 = Debug|Any CPU
		{40D83F46-457C-498A-A89D-C1C29741A019}.Release|Any CPU.ActiveCfg = Release|Any CPU
		{40D83F46-457C-498A-A89D-C1C29741A019}.Release|Any CPU.Build.0 = Release|Any CPU
		{9CAF9051-0995-4491-AE3C-F92D9F27AEBD}.Debug|Any CPU.ActiveCfg = Debug|Any CPU
		{9CAF9051-0995-4491-AE3C-F92D9F27AEBD}.Debug|Any CPU.Build.0 = Debug|Any CPU
		{9CAF9051-0995-4491-AE3C-F92D9F27AEBD}.Release|Any CPU.ActiveCfg = Release|Any CPU
		{9CAF9051-0995-4491-AE3C-F92D9F27AEBD}.Release|Any CPU.Build.0 = Release|Any CPU
	EndGlobalSection
	GlobalSection(SolutionProperties) = preSolution
		HideSolutionNode = FALSE
	EndGlobalSection
	GlobalSection(ExtensibilityGlobals) = postSolution
		SolutionGuid = {982D1063-5906-4153-857E-C781B6FE23E4}
	EndGlobalSection
EndGlobal
